
Microsoft Visual Studio Solution File, Format Version 12.00
# Visual Studio Version 17
VisualStudioVersion = 17.9.34714.143
MinimumVisualStudioVersion = 10.0.40219.1
Project("{FAE04EC0-301F-11D3-BF4B-00C04F79EFBC}") = "App", "App\App.csproj", "{3DE7D23D-641F-4371-85F1-7B084D9D768C}"
EndProject
Global
	GlobalSection(SolutionConfigurationPlatforms) = preSolution
		Debug|Any CPU = Debug|Any CPU
		Release|Any CPU = Release|Any CPU
	EndGlobalSection
	GlobalSection(ProjectConfigurationPlatforms) = postSolution
		{3DE7D23D-641F-4371-85F1-7B084D9D768C}.Debug|Any CPU.ActiveCfg = Debug|Any CPU
		{3DE7D23D-641F-4371-85F1-7B084D9D768C}.Debug|Any CPU.Build.0 = Debug|Any CPU
		{3DE7D23D-641F-4371-85F1-7B084D9D768C}.Release|Any CPU.ActiveCfg = Release|Any CPU
		{3DE7D23D-641F-4371-85F1-7B084D9D768C}.Release|Any CPU.Build.0 = Release|Any CPU
	EndGlobalSection
	GlobalSection(SolutionProperties) = preSolution
		HideSolutionNode = FALSE
	EndGlobalSection
	GlobalSection(ExtensibilityGlobals) = postSolution
		SolutionGuid = {BB26AF18-A8DC-4A3C-83DE-8CD962CD9D93}
	EndGlobalSection
EndGlobal
